{
  "name": "esp32-metatron-merkaba",
  "version": "1.0.0",
  "lockfileVersion": 3,
  "requires": true,
  "packages": {
    "": {
      "name": "esp32-metatron-merkaba",
      "version": "1.0.0",
      "license": "ISC",
      "dependencies": {
        "@trbn/jsoncanvas": "^1.0.6"
      }
    },
    "node_modules/@trbn/jsoncanvas": {
      "version": "1.0.6",
      "resolved": "https://registry.npmjs.org/@trbn/jsoncanvas/-/jsoncanvas-1.0.6.tgz",
      "integrity": "sha512-PO/x5ASJZmdT93fB8ti4d9gLOIC+nzcN4whXWIftv/zHFZlbyC6hjcAhiyv1AXwsv/vbtBvBugY+8f/FUfGAhg==",
      "license": "MIT"
    }
  }
}
